
Microsoft Visual Studio Solution File, Format Version 12.00
# Visual Studio Version 17
VisualStudioVersion = 17.4.33213.308
MinimumVisualStudioVersion = 10.0.40219.1
Project("{FAE04EC0-301F-11D3-BF4B-00C04F79EFBC}") = "Blackjack", "Blackjack.csproj", "{0A5CDE82-382D-45C9-999C-81F44400BF8D}"
EndProject
Global
	GlobalSection(SolutionConfigurationPlatforms) = preSolution
		Debug|Any CPU = Debug|Any CPU
		Release|Any CPU = Release|Any CPU
	EndGlobalSection
	GlobalSection(ProjectConfigurationPlatforms) = postSolution
		{0A5CDE82-382D-45C9-999C-81F44400BF8D}.Debug|Any CPU.ActiveCfg = Debug|Any CPU
		{0A5CDE82-382D-45C9-999C-81F44400BF8D}.Debug|Any CPU.Build.0 = Debug|Any CPU
		{0A5CDE82-382D-45C9-999C-81F44400BF8D}.Release|Any CPU.ActiveCfg = Release|Any CPU
		{0A5CDE82-382D-45C9-999C-81F44400BF8D}.Release|Any CPU.Build.0 = Release|Any CPU
	EndGlobalSection
	GlobalSection(SolutionProperties) = preSolution
		HideSolutionNode = FALSE
	EndGlobalSection
	GlobalSection(ExtensibilityGlobals) = postSolution
		SolutionGuid = {45C907BE-480A-40DA-BE20-70F713A1FB18}
	EndGlobalSection
EndGlobal
